
Microsoft Visual Studio Solution File, Format Version 12.00
# Visual Studio 15
VisualStudioVersion = 15.0.27428.2015
MinimumVisualStudioVersion = 10.0.40219.1
Project("{8BC9CEB8-8B4A-11D0-8D11-00A0C91BC942}") = "INFO450SaveMore", "INFO450SaveMore\INFO450SaveMore.vcxproj", "{F585A3A2-1ED5-48AE-B064-4B08BF4C72AD}"
EndProject
Global
	GlobalSection(SolutionConfigurationPlatforms) = preSolution
		Debug|x64 = Debug|x64
		Debug|x86 = Debug|x86
		Release|x64 = Release|x64
		Release|x86 = Release|x86
	EndGlobalSection
	GlobalSection(ProjectConfigurationPlatforms) = postSolution
		{F585A3A2-1ED5-48AE-B064-4B08BF4C72AD}.Debug|x64.ActiveCfg = Debug|x64
		{F585A3A2-1ED5-48AE-B064-4B08BF4C72AD}.Debug|x64.Build.0 = Debug|x64
		{F585A3A2-1ED5-48AE-B064-4B08BF4C72AD}.Debug|x86.ActiveCfg = Debug|Win32
		{F585A3A2-1ED5-48AE-B064-4B08BF4C72AD}.Debug|x86.Build.0 = Debug|Win32
		{F585A3A2-1ED5-48AE-B064-4B08BF4C72AD}.Release|x64.ActiveCfg = Release|x64
		{F585A3A2-1ED5-48AE-B064-4B08BF4C72AD}.Release|x64.Build.0 = Release|x64
		{F585A3A2-1ED5-48AE-B064-4B08BF4C72AD}.Release|x86.ActiveCfg = Release|Win32
		{F585A3A2-1ED5-48AE-B064-4B08BF4C72AD}.Release|x86.Build.0 = Release|Win32
	EndGlobalSection
	GlobalSection(SolutionProperties) = preSolution
		HideSolutionNode = FALSE
	EndGlobalSection
	GlobalSection(ExtensibilityGlobals) = postSolution
		SolutionGuid = {1E8A1FB2-F8C2-4315-AD0B-C90E2541211E}
	EndGlobalSection
EndGlobal
